// !$*UTF8*$!
{
	archiveVersion = 1;
	classes = {
	};
	objectVersion = 77;
	objects = {

/* Begin PBXContainerItemProxy section */
		E06A97872E08A00800F34E9C /* PBXContainerItemProxy */ = {
			isa = PBXContainerItemProxy;
			containerPortal = E06A97682E08A00100F34E9C /* Project object */;
			proxyType = 1;
			remoteGlobalIDString = E06A976F2E08A00100F34E9C;
			remoteInfo = "Star Particles";
		};
		E06A97912E08A00800F34E9C /* PBXContainerItemProxy */ = {
			isa = PBXContainerItemProxy;
			containerPortal = E06A97682E08A00100F34E9C /* Project object */;
			proxyType = 1;
			remoteGlobalIDString = E06A976F2E08A00100F34E9C;
			remoteInfo = "Star Particles";
		};
/* End PBXContainerItemProxy section */

/* Begin PBXFileReference section */
		E06A97702E08A00100F34E9C /* Star Particles.app */ = {isa = PBXFileReference; explicitFileType = wrapper.application; includeInIndex = 0; path = "Star Particles.app"; sourceTree = BUILT_PRODUCTS_DIR; };
		E06A97862E08A00800F34E9C /* Star ParticlesTests.xctest */ = {isa = PBXFileReference; explicitFileType = wrapper.cfbundle; includeInIndex = 0; path = "Star ParticlesTests.xctest"; sourceTree = BUILT_PRODUCTS_DIR; };
		E06A97902E08A00800F34E9C /* Star ParticlesUITests.xctest */ = {isa = PBXFileReference; explicitFileType = wrapper.cfbundle; includeInIndex = 0; path = "Star ParticlesUITests.xctest"; sourceTree = BUILT_PRODUCTS_DIR; };
/* End PBXFileReference section */

/* Begin PBXFileSystemSynchronizedBuildFileExceptionSet section */
		E06A97982E08A00800F34E9C /* Exceptions for "Star Particles" folder in "Star Particles" target */ = {
			isa = PBXFileSystemSynchronizedBuildFileExceptionSet;
			membershipExceptions = (
				Info.plist,
			);
			target = E06A976F2E08A00100F34E9C /* Star Particles */;
		};
/* End PBXFileSystemSynchronizedBuildFileExceptionSet section */

/* Begin PBXFileSystemSynchronizedRootGroup section */
		E06A97722E08A00100F34E9C /* Star Particles */ = {
			isa = PBXFileSystemSynchronizedRootGroup;
			exceptions = (
				E06A97982E08A00800F34E9C /* Exceptions for "Star Particles" folder in "Star Particles" target */,
			);
			path = "Star Particles";
			sourceTree = "<group>";
		};
		E06A97892E08A00800F34E9C /* Star ParticlesTests */ = {
			isa = PBXFileSystemSynchronizedRootGroup;
			path = "Star ParticlesTests";
			sourceTree = "<group>";
		};
		E06A97932E08A00800F34E9C /* Star ParticlesUITests */ = {
			isa = PBXFileSystemSynchronizedRootGroup;
			path = "Star ParticlesUITests";
			sourceTree = "<group>";
		};
/* End PBXFileSystemSynchronizedRootGroup section */

/* Begin PBXFrameworksBuildPhase section */
		E06A976D2E08A00100F34E9C /* Frameworks */ = {
			isa = PBXFrameworksBuildPhase;
			buildActionMask = 2147483647;
			files = (
			);
			runOnlyForDeploymentPostprocessing = 0;
		};
		E06A97832E08A00800F34E9C /* Frameworks */ = {
			isa = PBXFrameworksBuildPhase;
			buildActionMask = 2147483647;
			files = (
			);
			runOnlyForDeploymentPostprocessing = 0;
		};
		E06A978D2E08A00800F34E9C /* Frameworks */ = {
			isa = PBXFrameworksBuildPhase;
			buildActionMask = 2147483647;
			files = (
			);
			runOnlyForDeploymentPostprocessing = 0;
		};
/* End PBXFrameworksBuildPhase section */

/* Begin PBXGroup section */
		E06A97672E08A00100F34E9C = {
			isa = PBXGroup;
			children = (
				E06A97722E08A00100F34E9C /* Star Particles */,
				E06A97892E08A00800F34E9C /* Star ParticlesTests */,
				E06A97932E08A00800F34E9C /* Star ParticlesUITests */,
				E06A97712E08A00100F34E9C /* Products */,
			);
			sourceTree = "<group>";
		};
		E06A97712E08A00100F34E9C /* Products */ = {
			isa = PBXGroup;
			children = (
				E06A97702E08A00100F34E9C /* Star Particles.app */,
				E06A97862E08A00800F34E9C /* Star ParticlesTests.xctest */,
				E06A97902E08A00800F34E9C /* Star ParticlesUITests.xctest */,
			);
			name = Products;
			sourceTree = "<group>";
		};
/* End PBXGroup section */

/* Begin PBXNativeTarget section */
		E06A976F2E08A00100F34E9C /* Star Particles */ = {
			isa = PBXNativeTarget;
			buildConfigurationList = E06A97992E08A00800F34E9C /* Build configuration list for PBXNativeTarget "Star Particles" */;
			buildPhases = (
				E06A976C2E08A00100F34E9C /* Sources */,
				E06A976D2E08A00100F34E9C /* Frameworks */,
				E06A976E2E08A00100F34E9C /* Resources */,
			);
			buildRules = (
			);
			dependencies = (
			);
			fileSystemSynchronizedGroups = (
				E06A97722E08A00100F34E9C /* Star Particles */,
			);
			name = "Star Particles";
			packageProductDependencies = (
			);
			productName = "Star Particles";
			productReference = E06A97702E08A00100F34E9C /* Star Particles.app */;
			productType = "com.apple.product-type.application";
		};
		E06A97852E08A00800F34E9C /* Star ParticlesTests */ = {
			isa = PBXNativeTarget;
			buildConfigurationList = E06A979E2E08A00800F34E9C /* Build configuration list for PBXNativeTarget "Star ParticlesTests" */;
			buildPhases = (
				E06A97822E08A00800F34E9C /* Sources */,
				E06A97832E08A00800F34E9C /* Frameworks */,
				E06A97842E08A00800F34E9C /* Resources */,
			);
			buildRules = (
			);
			dependencies = (
				E06A97882E08A00800F34E9C /* PBXTargetDependency */,
			);
			fileSystemSynchronizedGroups = (
				E06A97892E08A00800F34E9C /* Star ParticlesTests */,
			);
			name = "Star ParticlesTests";
			packageProductDependencies = (
			);
			productName = "Star ParticlesTests";
			productReference = E06A97862E08A00800F34E9C /* Star ParticlesTests.xctest */;
			productType = "com.apple.product-type.bundle.unit-test";
		};
		E06A978F2E08A00800F34E9C /* Star ParticlesUITests */ = {
			isa = PBXNativeTarget;
			buildConfigurationList = E06A97A12E08A00800F34E9C /* Build configuration list for PBXNativeTarget "Star ParticlesUITests" */;
			buildPhases = (
				E06A978C2E08A00800F34E9C /* Sources */,
				E06A978D2E08A00800F34E9C /* Frameworks */,
				E06A978E2E08A00800F34E9C /* Resources */,
			);
			buildRules = (
			);
			dependencies = (
				E06A97922E08A00800F34E9C /* PBXTargetDependency */,
			);
			fileSystemSynchronizedGroups = (
				E06A97932E08A00800F34E9C /* Star ParticlesUITests */,
			);
			name = "Star ParticlesUITests";
			packageProductDependencies = (
			);
			productName = "Star ParticlesUITests";
			productReference = E06A97902E08A00800F34E9C /* Star ParticlesUITests.xctest */;
			productType = "com.apple.product-type.bundle.ui-testing";
		};
/* End PBXNativeTarget section */

/* Begin PBXProject section */
		E06A97682E08A00100F34E9C /* Project object */ = {
			isa = PBXProject;
			attributes = {
				BuildIndependentTargetsInParallel = 1;
				LastSwiftUpdateCheck = 1640;
				LastUpgradeCheck = 1640;
				TargetAttributes = {
					E06A976F2E08A00100F34E9C = {
						CreatedOnToolsVersion = 16.4;
					};
					E06A97852E08A00800F34E9C = {
						CreatedOnToolsVersion = 16.4;
						TestTargetID = E06A976F2E08A00100F34E9C;
					};
					E06A978F2E08A00800F34E9C = {
						CreatedOnToolsVersion = 16.4;
						TestTargetID = E06A976F2E08A00100F34E9C;
					};
				};
			};
			buildConfigurationList = E06A976B2E08A00100F34E9C /* Build configuration list for PBXProject "Star Particles" */;
			developmentRegion = en;
			hasScannedForEncodings = 0;
			knownRegions = (
				en,
				Base,
			);
			mainGroup = E06A97672E08A00100F34E9C;
			minimizedProjectReferenceProxies = 1;
			preferredProjectObjectVersion = 77;
			productRefGroup = E06A97712E08A00100F34E9C /* Products */;
			projectDirPath = "";
			projectRoot = "";
			targets = (
				E06A976F2E08A00100F34E9C /* Star Particles */,
				E06A97852E08A00800F34E9C /* Star ParticlesTests */,
				E06A978F2E08A00800F34E9C /* Star ParticlesUITests */,
			);
		};
/* End PBXProject section */

/* Begin PBXResourcesBuildPhase section */
		E06A976E2E08A00100F34E9C /* Resources */ = {
			isa = PBXResourcesBuildPhase;
			buildActionMask = 2147483647;
			files = (
			);
			runOnlyForDeploymentPostprocessing = 0;
		};
		E06A97842E08A00800F34E9C /* Resources */ = {
			isa = PBXResourcesBuildPhase;
			buildActionMask = 2147483647;
			files = (
			);
			runOnlyForDeploymentPostprocessing = 0;
		};
		E06A978E2E08A00800F34E9C /* Resources */ = {
			isa = PBXResourcesBuildPhase;
			buildActionMask = 2147483647;
			files = (
			);
			runOnlyForDeploymentPostprocessing = 0;
		};
/* End PBXResourcesBuildPhase section */

/* Begin PBXSourcesBuildPhase section */
		E06A976C2E08A00100F34E9C /* Sources */ = {
			isa = PBXSourcesBuildPhase;
			buildActionMask = 2147483647;
			files = (
			);
			runOnlyForDeploymentPostprocessing = 0;
		};
		E06A97822E08A00800F34E9C /* Sources */ = {
			isa = PBXSourcesBuildPhase;
			buildActionMask = 2147483647;
			files = (
			);
			runOnlyForDeploymentPostprocessing = 0;
		};
		E06A978C2E08A00800F34E9C /* Sources */ = {
			isa = PBXSourcesBuildPhase;
			buildActionMask = 2147483647;
			files = (
			);
			runOnlyForDeploymentPostprocessing = 0;
		};
/* End PBXSourcesBuildPhase section */

/* Begin PBXTargetDependency section */
		E06A97882E08A00800F34E9C /* PBXTargetDependency */ = {
			isa = PBXTargetDependency;
			target = E06A976F2E08A00100F34E9C /* Star Particles */;
			targetProxy = E06A97872E08A00800F34E9C /* PBXContainerItemProxy */;
		};
		E06A97922E08A00800F34E9C /* PBXTargetDependency */ = {
			isa = PBXTargetDependency;
			target = E06A976F2E08A00100F34E9C /* Star Particles */;
			targetProxy = E06A97912E08A00800F34E9C /* PBXContainerItemProxy */;
		};
/* End PBXTargetDependency section */

/* Begin XCBuildConfiguration section */
		E06A979A2E08A00800F34E9C /* Debug */ = {
			isa = XCBuildConfiguration;
			buildSettings = {
				ASSETCATALOG_COMPILER_APPICON_NAME = AppIcon;
				ASSETCATALOG_COMPILER_GLOBAL_ACCENT_COLOR_NAME = AccentColor;
				CODE_SIGN_STYLE = Automatic;
				CURRENT_PROJECT_VERSION = 1;
				DEVELOPMENT_TEAM = TWHE8V8GUK;
				GENERATE_INFOPLIST_FILE = YES;
				INFOPLIST_FILE = "Star Particles/Info.plist";
				INFOPLIST_KEY_UIApplicationSupportsIndirectInputEvents = YES;
				INFOPLIST_KEY_UILaunchStoryboardName = LaunchScreen;
				INFOPLIST_KEY_UIMainStoryboardFile = Main;
				INFOPLIST_KEY_UISupportedInterfaceOrientations_iPad = "UIInterfaceOrientationPortrait UIInterfaceOrientationPortraitUpsideDown UIInterfaceOrientationLandscapeLeft UIInterfaceOrientationLandscapeRight";
				INFOPLIST_KEY_UISupportedInterfaceOrientations_iPhone = "UIInterfaceOrientationPortrait UIInterfaceOrientationLandscapeLeft UIInterfaceOrientationLandscapeRight";
				LD_RUNPATH_SEARCH_PATHS = (
					"$(inherited)",
					"@executable_path/Frameworks",
				);
				MARKETING_VERSION = 1.0;
				PRODUCT_BUNDLE_IDENTIFIER = "com.elliotwilliams.Star-Particles";
				PRODUCT_NAME = "$(TARGET_NAME)";
				SWIFT_EMIT_LOC_STRINGS = YES;
				SWIFT_VERSION = 5.0;
				TARGETED_DEVICE_FAMILY = "1,2";
			};
			name = Debug;
		};
		E06A979B2E08A00800F34E9C /* Release */ = {
			isa = XCBuildConfiguration;
			buildSettings = {
				ASSETCATALOG_COMPILER_APPICON_NAME = AppIcon;
				ASSETCATALOG_COMPILER_GLOBAL_ACCENT_COLOR_NAME = AccentColor;
				CODE_SIGN_STYLE = Automatic;
				CURRENT_PROJECT_VERSION = 1;
				DEVELOPMENT_TEAM = TWHE8V8GUK;
				GENERATE_INFOPLIST_FILE = YES;
				INFOPLIST_FILE = "Star Particles/Info.plist";
				INFOPLIST_KEY_UIApplicationSupportsIndirectInputEvents = YES;
				INFOPLIST_KEY_UILaunchStoryboardName = LaunchScreen;
				INFOPLIST_KEY_UIMainStoryboardFile = Main;
				INFOPLIST_KEY_UISupportedInterfaceOrientations_iPad = "UIInterfaceOrientationPortrait UIInterfaceOrientationPortraitUpsideDown UIInterfaceOrientationLandscapeLeft UIInterfaceOrientationLandscapeRight";
				INFOPLIST_KEY_UISupportedInterfaceOrientations_iPhone = "UIInterfaceOrientationPortrait UIInterfaceOrientationLandscapeLeft UIInterfaceOrientationLandscapeRight";
				LD_RUNPATH_SEARCH_PATHS = (
					"$(inherited)",
					"@executable_path/Frameworks",
				);
				MARKETING_VERSION = 1.0;
				PRODUCT_BUNDLE_IDENTIFIER = "com.elliotwilliams.Star-Particles";
				PRODUCT_NAME = "$(TARGET_NAME)";
				SWIFT_EMIT_LOC_STRINGS = YES;
				SWIFT_VERSION = 5.0;
				TARGETED_DEVICE_FAMILY = "1,2";
			};
			name = Release;
		};
		E06A979C2E08A00800F34E9C /* Debug */ = {
			isa = XCBuildConfiguration;
			buildSettings = {
				ALWAYS_SEARCH_USER_PATHS = NO;
				ASSETCATALOG_COMPILER_GENERATE_SWIFT_ASSET_SYMBOL_EXTENSIONS = YES;
				CLANG_ANALYZER_NONNULL = YES;
				CLANG_ANALYZER_NUMBER_OBJECT_CONVERSION = YES_AGGRESSIVE;
				CLANG_CXX_LANGUAGE_STANDARD = "gnu++20";
				CLANG_ENABLE_MODULES = YES;
				CLANG_ENABLE_OBJC_ARC = YES;
				CLANG_ENABLE_OBJC_WEAK = YES;
				CLANG_WARN_BLOCK_CAPTURE_AUTORELEASING = YES;
				CLANG_WARN_BOOL_CONVERSION = YES;
				CLANG_WARN_COMMA = YES;
				CLANG_WARN_CONSTANT_CONVERSION = YES;
				CLANG_WARN_DEPRECATED_OBJC_IMPLEMENTATIONS = YES;
				CLANG_WARN_DIRECT_OBJC_ISA_USAGE = YES_ERROR;
				CLANG_WARN_DOCUMENTATION_COMMENTS = YES;
				CLANG_WARN_EMPTY_BODY = YES;
				CLANG_WARN_ENUM_CONVERSION = YES;
				CLANG_WARN_INFINITE_RECURSION = YES;
				CLANG_WARN_INT_CONVERSION = YES;
				CLANG_WARN_NON_LITERAL_NULL_CONVERSION = YES;
				CLANG_WARN_OBJC_IMPLICIT_RETAIN_SELF = YES;
				CLANG_WARN_OBJC_LITERAL_CONVERSION = YES;
				CLANG_WARN_OBJC_ROOT_CLASS = YES_ERROR;
				CLANG_WARN_QUOTED_INCLUDE_IN_FRAMEWORK_HEADER = YES;
				CLANG_WARN_RANGE_LOOP_ANALYSIS = YES;
				CLANG_WARN_STRICT_PROTOTYPES = YES;
				CLANG_WARN_SUSPICIOUS_MOVE = YES;
				CLANG_WARN_UNGUARDED_AVAILABILITY = YES_AGGRESSIVE;
				CLANG_WARN_UNREACHABLE_CODE = YES;
				CLANG_WARN__DUPLICATE_METHOD_MATCH = YES;
				COPY_PHASE_STRIP = NO;
				DEBUG_INFORMATION_FORMAT = dwarf;
				DEVELOPMENT_TEAM = TWHE8V8GUK;
				ENABLE_STRICT_OBJC_MSGSEND = YES;
				ENABLE_TESTABILITY = YES;
				ENABLE_USER_SCRIPT_SANDBOXING = YES;
				GCC_C_LANGUAGE_STANDARD = gnu17;
				GCC_DYNAMIC_NO_PIC = NO;
				GCC_NO_COMMON_BLOCKS = YES;
				GCC_OPTIMIZATION_LEVEL = 0;
				GCC_PREPROCESSOR_DEFINITIONS = (
					"DEBUG=1",
					"$(inherited)",
				);
				GCC_WARN_64_TO_32_BIT_CONVERSION = YES;
				GCC_WARN_ABOUT_RETURN_TYPE = YES_ERROR;
				GCC_WARN_UNDECLARED_SELECTOR = YES;
				GCC_WARN_UNINITIALIZED_AUTOS = YES_AGGRESSIVE;
				GCC_WARN_UNUSED_FUNCTION = YES;
				GCC_WARN_UNUSED_VARIABLE = YES;
				IPHONEOS_DEPLOYMENT_TARGET = 18.5;
				LOCALIZATION_PREFERS_STRING_CATALOGS = YES;
				MTL_ENABLE_DEBUG_INFO = INCLUDE_SOURCE;
				MTL_FAST_MATH = YES;
				ONLY_ACTIVE_ARCH = YES;
				SDKROOT = iphoneos;
				SWIFT_ACTIVE_COMPILATION_CONDITIONS = "DEBUG $(inherited)";
				SWIFT_OPTIMIZATION_LEVEL = "-Onone";
			};
			name = Debug;
		};
		E06A979D2E08A00800F34E9C /* Release */ = {
			isa = XCBuildConfiguration;
			buildSettings = {
				ALWAYS_SEARCH_USER_PATHS = NO;
				ASSETCATALOG_COMPILER_GENERATE_SWIFT_ASSET_SYMBOL_EXTENSIONS = YES;
				CLANG_ANALYZER_NONNULL = YES;
				CLANG_ANALYZER_NUMBER_OBJECT_CONVERSION = YES_AGGRESSIVE;
				CLANG_CXX_LANGUAGE_STANDARD = "gnu++20";
				CLANG_ENABLE_MODULES = YES;
				CLANG_ENABLE_OBJC_ARC = YES;
				CLANG_ENABLE_OBJC_WEAK = YES;
				CLANG_WARN_BLOCK_CAPTURE_AUTORELEASING = YES;
				CLANG_WARN_BOOL_CONVERSION = YES;
				CLANG_WARN_COMMA = YES;
				CLANG_WARN_CONSTANT_CONVERSION = YES;
				CLANG_WARN_DEPRECATED_OBJC_IMPLEMENTATIONS = YES;
				CLANG_WARN_DIRECT_OBJC_ISA_USAGE = YES_ERROR;
				CLANG_WARN_DOCUMENTATION_COMMENTS = YES;
				CLANG_WARN_EMPTY_BODY = YES;
				CLANG_WARN_ENUM_CONVERSION = YES;
				CLANG_WARN_INFINITE_RECURSION = YES;
				CLANG_WARN_INT_CONVERSION = YES;
				CLANG_WARN_NON_LITERAL_NULL_CONVERSION = YES;
				CLANG_WARN_OBJC_IMPLICIT_RETAIN_SELF = YES;
				CLANG_WARN_OBJC_LITERAL_CONVERSION = YES;
				CLANG_WARN_OBJC_ROOT_CLASS = YES_ERROR;
				CLANG_WARN_QUOTED_INCLUDE_IN_FRAMEWORK_HEADER = YES;
				CLANG_WARN_RANGE_LOOP_ANALYSIS = YES;
				CLANG_WARN_STRICT_PROTOTYPES = YES;
				CLANG_WARN_SUSPICIOUS_MOVE = YES;
				CLANG_WARN_UNGUARDED_AVAILABILITY = YES_AGGRESSIVE;
				CLANG_WARN_UNREACHABLE_CODE = YES;
				CLANG_WARN__DUPLICATE_METHOD_MATCH = YES;
				COPY_PHASE_STRIP = NO;
				DEBUG_INFORMATION_FORMAT = "dwarf-with-dsym";
				DEVELOPMENT_TEAM = TWHE8V8GUK;
				ENABLE_NS_ASSERTIONS = NO;
				ENABLE_STRICT_OBJC_MSGSEND = YES;
				ENABLE_USER_SCRIPT_SANDBOXING = YES;
				GCC_C_LANGUAGE_STANDARD = gnu17;
				GCC_NO_COMMON_BLOCKS = YES;
				GCC_WARN_64_TO_32_BIT_CONVERSION = YES;
				GCC_WARN_ABOUT_RETURN_TYPE = YES_ERROR;
				GCC_WARN_UNDECLARED_SELECTOR = YES;
				GCC_WARN_UNINITIALIZED_AUTOS = YES_AGGRESSIVE;
				GCC_WARN_UNUSED_FUNCTION = YES;
				GCC_WARN_UNUSED_VARIABLE = YES;
				IPHONEOS_DEPLOYMENT_TARGET = 18.5;
				LOCALIZATION_PREFERS_STRING_CATALOGS = YES;
				MTL_ENABLE_DEBUG_INFO = NO;
				MTL_FAST_MATH = YES;
				SDKROOT = iphoneos;
				SWIFT_COMPILATION_MODE = wholemodule;
				VALIDATE_PRODUCT = YES;
			};
			name = Release;
		};
		E06A979F2E08A00800F34E9C /* Debug */ = {
			isa = XCBuildConfiguration;
			buildSettings = {
				BUNDLE_LOADER = "$(TEST_HOST)";
				CODE_SIGN_STYLE = Automatic;
				CURRENT_PROJECT_VERSION = 1;
				DEVELOPMENT_TEAM = TWHE8V8GUK;
				GENERATE_INFOPLIST_FILE = YES;
				IPHONEOS_DEPLOYMENT_TARGET = 18.5;
				MARKETING_VERSION = 1.0;
				PRODUCT_BUNDLE_IDENTIFIER = "com.elliotwilliams.Star-ParticlesTests";
				PRODUCT_NAME = "$(TARGET_NAME)";
				SWIFT_EMIT_LOC_STRINGS = NO;
				SWIFT_VERSION = 5.0;
				TARGETED_DEVICE_FAMILY = "1,2";
				TEST_HOST = "$(BUILT_PRODUCTS_DIR)/Star Particles.app/$(BUNDLE_EXECUTABLE_FOLDER_PATH)/Star Particles";
			};
			name = Debug;
		};
		E06A97A02E08A00800F34E9C /* Release */ = {
			isa = XCBuildConfiguration;
			buildSettings = {
				BUNDLE_LOADER = "$(TEST_HOST)";
				CODE_SIGN_STYLE = Automatic;
				CURRENT_PROJECT_VERSION = 1;
				DEVELOPMENT_TEAM = TWHE8V8GUK;
				GENERATE_INFOPLIST_FILE = YES;
				IPHONEOS_DEPLOYMENT_TARGET = 18.5;
				MARKETING_VERSION = 1.0;
				PRODUCT_BUNDLE_IDENTIFIER = "com.elliotwilliams.Star-ParticlesTests";
				PRODUCT_NAME = "$(TARGET_NAME)";
				SWIFT_EMIT_LOC_STRINGS = NO;
				SWIFT_VERSION = 5.0;
				TARGETED_DEVICE_FAMILY = "1,2";
				TEST_HOST = "$(BUILT_PRODUCTS_DIR)/Star Particles.app/$(BUNDLE_EXECUTABLE_FOLDER_PATH)/Star Particles";
			};
			name = Release;
		};
		E06A97A22E08A00800F34E9C /* Debug */ = {
			isa = XCBuildConfiguration;
			buildSettings = {
				CODE_SIGN_STYLE = Automatic;
				CURRENT_PROJECT_VERSION = 1;
				DEVELOPMENT_TEAM = TWHE8V8GUK;
				GENERATE_INFOPLIST_FILE = YES;
				MARKETING_VERSION = 1.0;
				PRODUCT_BUNDLE_IDENTIFIER = "com.elliotwilliams.Star-ParticlesUITests";
				PRODUCT_NAME = "$(TARGET_NAME)";
				SWIFT_EMIT_LOC_STRINGS = NO;
				SWIFT_VERSION = 5.0;
				TARGETED_DEVICE_FAMILY = "1,2";
				TEST_TARGET_NAME = "Star Particles";
			};
			name = Debug;
		};
		E06A97A32E08A00800F34E9C /* Release */ = {
			isa = XCBuildConfiguration;
			buildSettings = {
				CODE_SIGN_STYLE = Automatic;
				CURRENT_PROJECT_VERSION = 1;
				DEVELOPMENT_TEAM = TWHE8V8GUK;
				GENERATE_INFOPLIST_FILE = YES;
				MARKETING_VERSION = 1.0;
				PRODUCT_BUNDLE_IDENTIFIER = "com.elliotwilliams.Star-ParticlesUITests";
				PRODUCT_NAME = "$(TARGET_NAME)";
				SWIFT_EMIT_LOC_STRINGS = NO;
				SWIFT_VERSION = 5.0;
				TARGETED_DEVICE_FAMILY = "1,2";
				TEST_TARGET_NAME = "Star Particles";
			};
			name = Release;
		};
/* End XCBuildConfiguration section */

/* Begin XCConfigurationList section */
		E06A976B2E08A00100F34E9C /* Build configuration list for PBXProject "Star Particles" */ = {
			isa = XCConfigurationList;
			buildConfigurations = (
				E06A979C2E08A00800F34E9C /* Debug */,
				E06A979D2E08A00800F34E9C /* Release */,
			);
			defaultConfigurationIsVisible = 0;
			defaultConfigurationName = Release;
		};
		E06A97992E08A00800F34E9C /* Build configuration list for PBXNativeTarget "Star Particles" */ = {
			isa = XCConfigurationList;
			buildConfigurations = (
				E06A979A2E08A00800F34E9C /* Debug */,
				E06A979B2E08A00800F34E9C /* Release */,
			);
			defaultConfigurationIsVisible = 0;
			defaultConfigurationName = Release;
		};
		E06A979E2E08A00800F34E9C /* Build configuration list for PBXNativeTarget "Star ParticlesTests" */ = {
			isa = XCConfigurationList;
			buildConfigurations = (
				E06A979F2E08A00800F34E9C /* Debug */,
				E06A97A02E08A00800F34E9C /* Release */,
			);
			defaultConfigurationIsVisible = 0;
			defaultConfigurationName = Release;
		};
		E06A97A12E08A00800F34E9C /* Build configuration list for PBXNativeTarget "Star ParticlesUITests" */ = {
			isa = XCConfigurationList;
			buildConfigurations = (
				E06A97A22E08A00800F34E9C /* Debug */,
				E06A97A32E08A00800F34E9C /* Release */,
			);
			defaultConfigurationIsVisible = 0;
			defaultConfigurationName = Release;
		};
/* End XCConfigurationList section */
	};
	rootObject = E06A97682E08A00100F34E9C /* Project object */;
}
